<?xml version="1.0" encoding="UTF-8" standalone="yes" ?>
<CodeBlocks_project_file>
	<FileVersion major="1" minor="6" />
	<Project>
		<Option title="Stellody" />
		<Option pch_mode="2" />
		<Option compiler="gcc" />
		<Build>
			<Target title="Debug">
				<Option output="bin/Debug/Stellody" prefix_auto="1" extension_auto="1" />
				<Option object_output="obj/Debug/" />
				<Option type="1" />
				<Option compiler="gcc" />
				<Option projectCompilerOptionsRelation="0" />
				<Compiler>
					<Add option="-pedantic-errors" />
					<Add option="-Wall" />
					<Add option="-ansi" />
					<Add option="-g" />
					<Add option="`pkg-config --cflags gtk+-2.0`" />
				</Compiler>
				<Linker>
					<Add option="`pkg-config --libs gtk+-2.0`" />
					<Add option="-export-dynamic" />
				</Linker>
			</Target>
		</Build>
		<Compiler>
			<Add option="-Wall" />
			<Add option="`pkg-config --cflags gtk+-2.0`" />
		</Compiler>
		<Linker>
			<Add option="`pkg-config --libs gtk+-2.0`" />
			<Add option="-export-dynamic" />
		</Linker>
		<Unit filename="src/analyzed_tracks.c">
			<Option compilerVar="CC" />
		</Unit>
		<Unit filename="src/analyzed_tracks.h" />
		<Unit filename="src/stellody.c">
			<Option compilerVar="CC" />
		</Unit>
		<Extensions>
			<code_completion />
			<debugger />
		</Extensions>
	</Project>
</CodeBlocks_project_file>
